// !$*UTF8*$!
{
	archiveVersion = 1;
	classes = {
	};
	objectVersion = 50;
	objects = {

/* Begin PBXBuildFile section */
		EBCAD2F825063C3D0036E994 /* AppDelegate.swift in Sources */ = {isa = PBXBuildFile; fileRef = EBCAD2F725063C3D0036E994 /* AppDelegate.swift */; };
		EBCAD2FA25063C3D0036E994 /* SceneDelegate.swift in Sources */ = {isa = PBXBuildFile; fileRef = EBCAD2F925063C3D0036E994 /* SceneDelegate.swift */; };
		EBCAD2FC25063C3D0036E994 /* ContentView.swift in Sources */ = {isa = PBXBuildFile; fileRef = EBCAD2FB25063C3D0036E994 /* ContentView.swift */; };
		EBCAD2FE25063C3E0036E994 /* Assets.xcassets in Resources */ = {isa = PBXBuildFile; fileRef = EBCAD2FD25063C3E0036E994 /* Assets.xcassets */; };
		EBCAD30125063C3E0036E994 /* Preview Assets.xcassets in Resources */ = {isa = PBXBuildFile; fileRef = EBCAD30025063C3E0036E994 /* Preview Assets.xcassets */; };
		EBCAD30425063C3E0036E994 /* LaunchScreen.storyboard in Resources */ = {isa = PBXBuildFile; fileRef = EBCAD30225063C3E0036E994 /* LaunchScreen.storyboard */; };
/* End PBXBuildFile section */

/* Begin PBXFileReference section */
		EBCAD2F425063C3D0036E994 /* SwiftUIState.app */ = {isa = PBXFileReference; explicitFileType = wrapper.application; includeInIndex = 0; path = SwiftUIState.app; sourceTree = BUILT_PRODUCTS_DIR; };
		EBCAD2F725063C3D0036E994 /* AppDelegate.swift */ = {isa = PBXFileReference; lastKnownFileType = sourcecode.swift; path = AppDelegate.swift; sourceTree = "<group>"; };
		EBCAD2F925063C3D0036E994 /* SceneDelegate.swift */ = {isa = PBXFileReference; lastKnownFileType = sourcecode.swift; path = SceneDelegate.swift; sourceTree = "<group>"; };
		EBCAD2FB25063C3D0036E994 /* ContentView.swift */ = {isa = PBXFileReference; lastKnownFileType = sourcecode.swift; path = ContentView.swift; sourceTree = "<group>"; };
		EBCAD2FD25063C3E0036E994 /* Assets.xcassets */ = {isa = PBXFileReference; lastKnownFileType = folder.assetcatalog; path = Assets.xcassets; sourceTree = "<group>"; };
		EBCAD30025063C3E0036E994 /* Preview Assets.xcassets */ = {isa = PBXFileReference; lastKnownFileType = folder.assetcatalog; path = "Preview Assets.xcassets"; sourceTree = "<group>"; };
		EBCAD30325063C3E0036E994 /* Base */ = {isa = PBXFileReference; lastKnownFileType = file.storyboard; name = Base; path = Base.lproj/LaunchScreen.storyboard; sourceTree = "<group>"; };
		EBCAD30525063C3E0036E994 /* Info.plist */ = {isa = PBXFileReference; lastKnownFileType = text.plist.xml; path = Info.plist; sourceTree = "<group>"; };
/* End PBXFileReference section */

/* Begin PBXFrameworksBuildPhase section */
		EBCAD2F125063C3D0036E994 /* Frameworks */ = {
			isa = PBXFrameworksBuildPhase;
			buildActionMask = 2147483647;
			files = (
			);
			runOnlyForDeploymentPostprocessing = 0;
		};
/* End PBXFrameworksBuildPhase section */

/* Begin PBXGroup section */
		EBCAD2EB25063C3D0036E994 = {
			isa = PBXGroup;
			children = (
				EBCAD2F625063C3D0036E994 /* SwiftUIState */,
				EBCAD2F525063C3D0036E994 /* Products */,
			);
			sourceTree = "<group>";
		};
		EBCAD2F525063C3D0036E994 /* Products */ = {
			isa = PBXGroup;
			children = (
				EBCAD2F425063C3D0036E994 /* SwiftUIState.app */,
			);
			name = Products;
			sourceTree = "<group>";
		};
		EBCAD2F625063C3D0036E994 /* SwiftUIState */ = {
			isa = PBXGroup;
			children = (
				EBCAD2F725063C3D0036E994 /* AppDelegate.swift */,
				EBCAD2F925063C3D0036E994 /* SceneDelegate.swift */,
				EBCAD2FB25063C3D0036E994 /* ContentView.swift */,
				EBCAD2FD25063C3E0036E994 /* Assets.xcassets */,
				EBCAD30225063C3E0036E994 /* LaunchScreen.storyboard */,
				EBCAD30525063C3E0036E994 /* Info.plist */,
				EBCAD2FF25063C3E0036E994 /* Preview Content */,
			);
			path = SwiftUIState;
			sourceTree = "<group>";
		};
		EBCAD2FF25063C3E0036E994 /* Preview Content */ = {
			isa = PBXGroup;
			children = (
				EBCAD30025063C3E0036E994 /* Preview Assets.xcassets */,
			);
			path = "Preview Content";
			sourceTree = "<group>";
		};
/* End PBXGroup section */

/* Begin PBXNativeTarget section */
		EBCAD2F325063C3D0036E994 /* SwiftUIState */ = {
			isa = PBXNativeTarget;
			buildConfigurationList = EBCAD30825063C3E0036E994 /* Build configuration list for PBXNativeTarget "SwiftUIState" */;
			buildPhases = (
				EBCAD2F025063C3D0036E994 /* Sources */,
				EBCAD2F125063C3D0036E994 /* Frameworks */,
				EBCAD2F225063C3D0036E994 /* Resources */,
			);
			buildRules = (
			);
			dependencies = (
			);
			name = SwiftUIState;
			productName = SwiftUIState;
			productReference = EBCAD2F425063C3D0036E994 /* SwiftUIState.app */;
			productType = "com.apple.product-type.application";
		};
/* End PBXNativeTarget section */

/* Begin PBXProject section */
		EBCAD2EC25063C3D0036E994 /* Project object */ = {
			isa = PBXProject;
			attributes = {
				LastSwiftUpdateCheck = 1160;
				LastUpgradeCheck = 1160;
				ORGANIZATIONNAME = "MD Tanvir Alam";
				TargetAttributes = {
					EBCAD2F325063C3D0036E994 = {
						CreatedOnToolsVersion = 11.6;
					};
				};
			};
			buildConfigurationList = EBCAD2EF25063C3D0036E994 /* Build configuration list for PBXProject "SwiftUIState" */;
			compatibilityVersion = "Xcode 9.3";
			developmentRegion = en;
			hasScannedForEncodings = 0;
			knownRegions = (
				en,
				Base,
			);
			mainGroup = EBCAD2EB25063C3D0036E994;
			productRefGroup = EBCAD2F525063C3D0036E994 /* Products */;
			projectDirPath = "";
			projectRoot = "";
			targets = (
				EBCAD2F325063C3D0036E994 /* SwiftUIState */,
			);
		};
/* End PBXProject section */

/* Begin PBXResourcesBuildPhase section */
		EBCAD2F225063C3D0036E994 /* Resources */ = {
			isa = PBXResourcesBuildPhase;
			buildActionMask = 2147483647;
			files = (
				EBCAD30425063C3E0036E994 /* LaunchScreen.storyboard in Resources */,
				EBCAD30125063C3E0036E994 /* Preview Assets.xcassets in Resources */,
				EBCAD2FE25063C3E0036E994 /* Assets.xcassets in Resources */,
			);
			runOnlyForDeploymentPostprocessing = 0;
		};
/* End PBXResourcesBuildPhase section */

/* Begin PBXSourcesBuildPhase section */
		EBCAD2F025063C3D0036E994 /* Sources */ = {
			isa = PBXSourcesBuildPhase;
			buildActionMask = 2147483647;
			files = (
				EBCAD2F825063C3D0036E994 /* AppDelegate.swift in Sources */,
				EBCAD2FA25063C3D0036E994 /* SceneDelegate.swift in Sources */,
				EBCAD2FC25063C3D0036E994 /* ContentView.swift in Sources */,
			);
			runOnlyForDeploymentPostprocessing = 0;
		};
/* End PBXSourcesBuildPhase section */

/* Begin PBXVariantGroup section */
		EBCAD30225063C3E0036E994 /* LaunchScreen.storyboard */ = {
			isa = PBXVariantGroup;
			children = (
				EBCAD30325063C3E0036E994 /* Base */,
			);
			name = LaunchScreen.storyboard;
			sourceTree = "<group>";
		};
/* End PBXVariantGroup section */

/* Begin XCBuildConfiguration section */
		EBCAD30625063C3E0036E994 /* Debug */ = {
			isa = XCBuildConfiguration;
			buildSettings = {
				ALWAYS_SEARCH_USER_PATHS = NO;
				CLANG_ANALYZER_NONNULL = YES;
				CLANG_ANALYZER_NUMBER_OBJECT_CONVERSION = YES_AGGRESSIVE;
				CLANG_CXX_LANGUAGE_STANDARD = "gnu++14";
				CLANG_CXX_LIBRARY = "libc++";
				CLANG_ENABLE_MODULES = YES;
				CLANG_ENABLE_OBJC_ARC = YES;
				CLANG_ENABLE_OBJC_WEAK = YES;
				CLANG_WARN_BLOCK_CAPTURE_AUTORELEASING = YES;
				CLANG_WARN_BOOL_CONVERSION = YES;
				CLANG_WARN_COMMA = YES;
				CLANG_WARN_CONSTANT_CONVERSION = YES;
				CLANG_WARN_DEPRECATED_OBJC_IMPLEMENTATIONS = YES;
				CLANG_WARN_DIRECT_OBJC_ISA_USAGE = YES_ERROR;
				CLANG_WARN_DOCUMENTATION_COMMENTS = YES;
				CLANG_WARN_EMPTY_BODY = YES;
				CLANG_WARN_ENUM_CONVERSION = YES;
				CLANG_WARN_INFINITE_RECURSION = YES;
				CLANG_WARN_INT_CONVERSION = YES;
				CLANG_WARN_NON_LITERAL_NULL_CONVERSION = YES;
				CLANG_WARN_OBJC_IMPLICIT_RETAIN_SELF = YES;
				CLANG_WARN_OBJC_LITERAL_CONVERSION = YES;
				CLANG_WARN_OBJC_ROOT_CLASS = YES_ERROR;
				CLANG_WARN_RANGE_LOOP_ANALYSIS = YES;
				CLANG_WARN_STRICT_PROTOTYPES = YES;
				CLANG_WARN_SUSPICIOUS_MOVE = YES;
				CLANG_WARN_UNGUARDED_AVAILABILITY = YES_AGGRESSIVE;
				CLANG_WARN_UNREACHABLE_CODE = YES;
				CLANG_WARN__DUPLICATE_METHOD_MATCH = YES;
				COPY_PHASE_STRIP = NO;
				DEBUG_INFORMATION_FORMAT = dwarf;
				ENABLE_STRICT_OBJC_MSGSEND = YES;
				ENABLE_TESTABILITY = YES;
				GCC_C_LANGUAGE_STANDARD = gnu11;
				GCC_DYNAMIC_NO_PIC = NO;
				GCC_NO_COMMON_BLOCKS = YES;
				GCC_OPTIMIZATION_LEVEL = 0;
				GCC_PREPROCESSOR_DEFINITIONS = (
					"DEBUG=1",
					"$(inherited)",
				);
				GCC_WARN_64_TO_32_BIT_CONVERSION = YES;
				GCC_WARN_ABOUT_RETURN_TYPE = YES_ERROR;
				GCC_WARN_UNDECLARED_SELECTOR = YES;
				GCC_WARN_UNINITIALIZED_AUTOS = YES_AGGRESSIVE;
				GCC_WARN_UNUSED_FUNCTION = YES;
				GCC_WARN_UNUSED_VARIABLE = YES;
				IPHONEOS_DEPLOYMENT_TARGET = 13.6;
				MTL_ENABLE_DEBUG_INFO = INCLUDE_SOURCE;
				MTL_FAST_MATH = YES;
				ONLY_ACTIVE_ARCH = YES;
				SDKROOT = iphoneos;
				SWIFT_ACTIVE_COMPILATION_CONDITIONS = DEBUG;
				SWIFT_OPTIMIZATION_LEVEL = "-Onone";
			};
			name = Debug;
		};
		EBCAD30725063C3E0036E994 /* Release */ = {
			isa = XCBuildConfiguration;
			buildSettings = {
				ALWAYS_SEARCH_USER_PATHS = NO;
				CLANG_ANALYZER_NONNULL = YES;
				CLANG_ANALYZER_NUMBER_OBJECT_CONVERSION = YES_AGGRESSIVE;
				CLANG_CXX_LANGUAGE_STANDARD = "gnu++14";
				CLANG_CXX_LIBRARY = "libc++";
				CLANG_ENABLE_MODULES = YES;
				CLANG_ENABLE_OBJC_ARC = YES;
				CLANG_ENABLE_OBJC_WEAK = YES;
				CLANG_WARN_BLOCK_CAPTURE_AUTORELEASING = YES;
				CLANG_WARN_BOOL_CONVERSION = YES;
				CLANG_WARN_COMMA = YES;
				CLANG_WARN_CONSTANT_CONVERSION = YES;
				CLANG_WARN_DEPRECATED_OBJC_IMPLEMENTATIONS = YES;
				CLANG_WARN_DIRECT_OBJC_ISA_USAGE = YES_ERROR;
				CLANG_WARN_DOCUMENTATION_COMMENTS = YES;
				CLANG_WARN_EMPTY_BODY = YES;
				CLANG_WARN_ENUM_CONVERSION = YES;
				CLANG_WARN_INFINITE_RECURSION = YES;
				CLANG_WARN_INT_CONVERSION = YES;
				CLANG_WARN_NON_LITERAL_NULL_CONVERSION = YES;
				CLANG_WARN_OBJC_IMPLICIT_RETAIN_SELF = YES;
				CLANG_WARN_OBJC_LITERAL_CONVERSION = YES;
				CLANG_WARN_OBJC_ROOT_CLASS = YES_ERROR;
				CLANG_WARN_RANGE_LOOP_ANALYSIS = YES;
				CLANG_WARN_STRICT_PROTOTYPES = YES;
				CLANG_WARN_SUSPICIOUS_MOVE = YES;
				CLANG_WARN_UNGUARDED_AVAILABILITY = YES_AGGRESSIVE;
				CLANG_WARN_UNREACHABLE_CODE = YES;
				CLANG_WARN__DUPLICATE_METHOD_MATCH = YES;
				COPY_PHASE_STRIP = NO;
				DEBUG_INFORMATION_FORMAT = "dwarf-with-dsym";
				ENABLE_NS_ASSERTIONS = NO;
				ENABLE_STRICT_OBJC_MSGSEND = YES;
				GCC_C_LANGUAGE_STANDARD = gnu11;
				GCC_NO_COMMON_BLOCKS = YES;
				GCC_WARN_64_TO_32_BIT_CONVERSION = YES;
				GCC_WARN_ABOUT_RETURN_TYPE = YES_ERROR;
				GCC_WARN_UNDECLARED_SELECTOR = YES;
				GCC_WARN_UNINITIALIZED_AUTOS = YES_AGGRESSIVE;
				GCC_WARN_UNUSED_FUNCTION = YES;
				GCC_WARN_UNUSED_VARIABLE = YES;
				IPHONEOS_DEPLOYMENT_TARGET = 13.6;
				MTL_ENABLE_DEBUG_INFO = NO;
				MTL_FAST_MATH = YES;
				SDKROOT = iphoneos;
				SWIFT_COMPILATION_MODE = wholemodule;
				SWIFT_OPTIMIZATION_LEVEL = "-O";
				VALIDATE_PRODUCT = YES;
			};
			name = Release;
		};
		EBCAD30925063C3E0036E994 /* Debug */ = {
			isa = XCBuildConfiguration;
			buildSettings = {
				ASSETCATALOG_COMPILER_APPICON_NAME = AppIcon;
				CODE_SIGN_STYLE = Automatic;
				DEVELOPMENT_ASSET_PATHS = "\"SwiftUIState/Preview Content\"";
				DEVELOPMENT_TEAM = K924X73642;
				ENABLE_PREVIEWS = YES;
				INFOPLIST_FILE = SwiftUIState/Info.plist;
				LD_RUNPATH_SEARCH_PATHS = (
					"$(inherited)",
					"@executable_path/Frameworks",
				);
				PRODUCT_BUNDLE_IDENTIFIER = com.tanvirgeek.SwiftUIState;
				PRODUCT_NAME = "$(TARGET_NAME)";
				SWIFT_VERSION = 5.0;
				TARGETED_DEVICE_FAMILY = "1,2";
			};
			name = Debug;
		};
		EBCAD30A25063C3E0036E994 /* Release */ = {
			isa = XCBuildConfiguration;
			buildSettings = {
				ASSETCATALOG_COMPILER_APPICON_NAME = AppIcon;
				CODE_SIGN_STYLE = Automatic;
				DEVELOPMENT_ASSET_PATHS = "\"SwiftUIState/Preview Content\"";
				DEVELOPMENT_TEAM = K924X73642;
				ENABLE_PREVIEWS = YES;
				INFOPLIST_FILE = SwiftUIState/Info.plist;
				LD_RUNPATH_SEARCH_PATHS = (
					"$(inherited)",
					"@executable_path/Frameworks",
				);
				PRODUCT_BUNDLE_IDENTIFIER = com.tanvirgeek.SwiftUIState;
				PRODUCT_NAME = "$(TARGET_NAME)";
				SWIFT_VERSION = 5.0;
				TARGETED_DEVICE_FAMILY = "1,2";
			};
			name = Release;
		};
/* End XCBuildConfiguration section */

/* Begin XCConfigurationList section */
		EBCAD2EF25063C3D0036E994 /* Build configuration list for PBXProject "SwiftUIState" */ = {
			isa = XCConfigurationList;
			buildConfigurations = (
				EBCAD30625063C3E0036E994 /* Debug */,
				EBCAD30725063C3E0036E994 /* Release */,
			);
			defaultConfigurationIsVisible = 0;
			defaultConfigurationName = Release;
		};
		EBCAD30825063C3E0036E994 /* Build configuration list for PBXNativeTarget "SwiftUIState" */ = {
			isa = XCConfigurationList;
			buildConfigurations = (
				EBCAD30925063C3E0036E994 /* Debug */,
				EBCAD30A25063C3E0036E994 /* Release */,
			);
			defaultConfigurationIsVisible = 0;
			defaultConfigurationName = Release;
		};
/* End XCConfigurationList section */
	};
	rootObject = EBCAD2EC25063C3D0036E994 /* Project object */;
}
